
Microsoft Visual Studio Solution File, Format Version 12.00
# Visual Studio 2017
Project("{FAE04EC0-301F-11D3-BF4B-00C04F79EFBC}") = "Isometric Tycoon Game", "Isometric Tycoon Game.csproj", "{5C032412-3B55-A0D5-8FA9-7973B7388B51}"
EndProject
Project("{FAE04EC0-301F-11D3-BF4B-00C04F79EFBC}") = "Isometric Tycoon Game.Editor", "Isometric Tycoon Game.Editor.csproj", "{38382F49-7A5F-8BA0-9B0B-8C2FA202B774}"
EndProject
Global
	GlobalSection(SolutionConfigurationPlatforms) = preSolution
		Debug|Any CPU = Debug|Any CPU
		Release|Any CPU = Release|Any CPU
	EndGlobalSection
	GlobalSection(ProjectConfigurationPlatforms) = postSolution
		{5C032412-3B55-A0D5-8FA9-7973B7388B51}.Debug|Any CPU.ActiveCfg = Debug|Any CPU
		{5C032412-3B55-A0D5-8FA9-7973B7388B51}.Debug|Any CPU.Build.0 = Debug|Any CPU
		{5C032412-3B55-A0D5-8FA9-7973B7388B51}.Release|Any CPU.ActiveCfg = Release|Any CPU
		{5C032412-3B55-A0D5-8FA9-7973B7388B51}.Release|Any CPU.Build.0 = Release|Any CPU
		{38382F49-7A5F-8BA0-9B0B-8C2FA202B774}.Debug|Any CPU.ActiveCfg = Debug|Any CPU
		{38382F49-7A5F-8BA0-9B0B-8C2FA202B774}.Debug|Any CPU.Build.0 = Debug|Any CPU
		{38382F49-7A5F-8BA0-9B0B-8C2FA202B774}.Release|Any CPU.ActiveCfg = Release|Any CPU
		{38382F49-7A5F-8BA0-9B0B-8C2FA202B774}.Release|Any CPU.Build.0 = Release|Any CPU
	EndGlobalSection
	GlobalSection(SolutionProperties) = preSolution
		HideSolutionNode = FALSE
	EndGlobalSection
EndGlobal
